
Microsoft Visual Studio Solution File, Format Version 12.00
# Visual Studio Version 17
VisualStudioVersion = 17.5.33530.505
MinimumVisualStudioVersion = 10.0.40219.1
Project("{54A90642-561A-4BB1-A94E-469ADEE60C69}") = "cse121b-a2", "cse121b-a2.esproj", "{6C4BBDB2-A927-49F6-9608-740D459CD587}"
EndProject
Global
	GlobalSection(SolutionConfigurationPlatforms) = preSolution
		Debug|Any CPU = Debug|Any CPU
		Release|Any CPU = Release|Any CPU
	EndGlobalSection
	GlobalSection(ProjectConfigurationPlatforms) = postSolution
		{6C4BBDB2-A927-49F6-9608-740D459CD587}.Debug|Any CPU.ActiveCfg = Debug|Any CPU
		{6C4BBDB2-A927-49F6-9608-740D459CD587}.Debug|Any CPU.Build.0 = Debug|Any CPU
		{6C4BBDB2-A927-49F6-9608-740D459CD587}.Debug|Any CPU.Deploy.0 = Debug|Any CPU
		{6C4BBDB2-A927-49F6-9608-740D459CD587}.Release|Any CPU.ActiveCfg = Release|Any CPU
		{6C4BBDB2-A927-49F6-9608-740D459CD587}.Release|Any CPU.Build.0 = Release|Any CPU
		{6C4BBDB2-A927-49F6-9608-740D459CD587}.Release|Any CPU.Deploy.0 = Release|Any CPU
	EndGlobalSection
	GlobalSection(SolutionProperties) = preSolution
		HideSolutionNode = FALSE
	EndGlobalSection
	GlobalSection(ExtensibilityGlobals) = postSolution
		SolutionGuid = {CCD649A9-31E0-43AF-85D2-FE69B2E45903}
	EndGlobalSection
EndGlobal
